
Microsoft Visual Studio Solution File, Format Version 12.00
# Visual Studio Version 16
VisualStudioVersion = 16.0.28922.388
MinimumVisualStudioVersion = 10.0.40219.1
Project("{FAE04EC0-301F-11D3-BF4B-00C04F79EFBC}") = "Domain", "Domain\Domain.csproj", "{19DCC1C0-86C2-4CFA-9DAD-4F04C52CBA06}"
EndProject
Project("{FAE04EC0-301F-11D3-BF4B-00C04F79EFBC}") = "ServiceInterfaces", "ServiceInterfaces\ServiceInterfaces.csproj", "{9FDD8F8D-3B20-4055-8CDE-F47C3C2DA4A1}"
EndProject
Project("{FAE04EC0-301F-11D3-BF4B-00C04F79EFBC}") = "Services", "Services\Services.csproj", "{A2D0E600-F98A-4E54-BF34-31EB85AA5FA9}"
EndProject
Project("{FAE04EC0-301F-11D3-BF4B-00C04F79EFBC}") = "ServiceTests", "ServiceTests\ServiceTests.csproj", "{6B00D2AB-3009-4089-9F85-C4F59452647E}"
EndProject
Project("{FAE04EC0-301F-11D3-BF4B-00C04F79EFBC}") = "DomainTests", "DomainTests\DomainTests.csproj", "{EAC985E6-7BC9-4375-8666-A84D90E5D75C}"
EndProject
Global
	GlobalSection(SolutionConfigurationPlatforms) = preSolution
		Debug|Any CPU = Debug|Any CPU
		Release|Any CPU = Release|Any CPU
	EndGlobalSection
	GlobalSection(ProjectConfigurationPlatforms) = postSolution
		{19DCC1C0-86C2-4CFA-9DAD-4F04C52CBA06}.Debug|Any CPU.ActiveCfg = Debug|Any CPU
		{19DCC1C0-86C2-4CFA-9DAD-4F04C52CBA06}.Debug|Any CPU.Build.0 = Debug|Any CPU
		{19DCC1C0-86C2-4CFA-9DAD-4F04C52CBA06}.Release|Any CPU.ActiveCfg = Release|Any CPU
		{19DCC1C0-86C2-4CFA-9DAD-4F04C52CBA06}.Release|Any CPU.Build.0 = Release|Any CPU
		{9FDD8F8D-3B20-4055-8CDE-F47C3C2DA4A1}.Debug|Any CPU.ActiveCfg = Debug|Any CPU
		{9FDD8F8D-3B20-4055-8CDE-F47C3C2DA4A1}.Debug|Any CPU.Build.0 = Debug|Any CPU
		{9FDD8F8D-3B20-4055-8CDE-F47C3C2DA4A1}.Release|Any CPU.ActiveCfg = Release|Any CPU
		{9FDD8F8D-3B20-4055-8CDE-F47C3C2DA4A1}.Release|Any CPU.Build.0 = Release|Any CPU
		{A2D0E600-F98A-4E54-BF34-31EB85AA5FA9}.Debug|Any CPU.ActiveCfg = Debug|Any CPU
		{A2D0E600-F98A-4E54-BF34-31EB85AA5FA9}.Debug|Any CPU.Build.0 = Debug|Any CPU
		{A2D0E600-F98A-4E54-BF34-31EB85AA5FA9}.Release|Any CPU.ActiveCfg = Release|Any CPU
		{A2D0E600-F98A-4E54-BF34-31EB85AA5FA9}.Release|Any CPU.Build.0 = Release|Any CPU
		{6B00D2AB-3009-4089-9F85-C4F59452647E}.Debug|Any CPU.ActiveCfg = Debug|Any CPU
		{6B00D2AB-3009-4089-9F85-C4F59452647E}.Debug|Any CPU.Build.0 = Debug|Any CPU
		{6B00D2AB-3009-4089-9F85-C4F59452647E}.Release|Any CPU.ActiveCfg = Release|Any CPU
		{6B00D2AB-3009-4089-9F85-C4F59452647E}.Release|Any CPU.Build.0 = Release|Any CPU
		{EAC985E6-7BC9-4375-8666-A84D90E5D75C}.Debug|Any CPU.ActiveCfg = Debug|Any CPU
		{EAC985E6-7BC9-4375-8666-A84D90E5D75C}.Debug|Any CPU.Build.0 = Debug|Any CPU
		{EAC985E6-7BC9-4375-8666-A84D90E5D75C}.Release|Any CPU.ActiveCfg = Release|Any CPU
		{EAC985E6-7BC9-4375-8666-A84D90E5D75C}.Release|Any CPU.Build.0 = Release|Any CPU
	EndGlobalSection
	GlobalSection(SolutionProperties) = preSolution
		HideSolutionNode = FALSE
	EndGlobalSection
	GlobalSection(ExtensibilityGlobals) = postSolution
		SolutionGuid = {5AE3294F-3618-4BAD-9591-927A5C1CDA4D}
	EndGlobalSection
EndGlobal
